
Microsoft Visual Studio Solution File, Format Version 12.00
# Visual Studio 14
VisualStudioVersion = 14.0.25123.0
MinimumVisualStudioVersion = 10.0.40219.1
Project("{2150E333-8FDC-42A3-9474-1A3956D46DE8}") = "Solution Items", "Solution Items", "{C7966235-8285-4372-A0AE-7D238EDDDB2B}"
	ProjectSection(SolutionItems) = preProject
		global.json = global.json
		Todos Roadmap.txt = Todos Roadmap.txt
	EndProjectSection
EndProject
Project("{8BB2217D-0F2D-49D1-97BC-3654ED321F3B}") = "YAWebSec.Core", "YAWebSec.Core\YAWebSec.Core.xproj", "{BB1397CB-EE20-4C74-B620-BBC0A38066F9}"
EndProject
Project("{8BB2217D-0F2D-49D1-97BC-3654ED321F3B}") = "YAWebSec.AspNetCore", "YAWebSec.AspNetCore\YAWebSec.AspNetCore.xproj", "{FB3B4050-9289-42A9-B04D-E1924DA9DD60}"
EndProject
Project("{8BB2217D-0F2D-49D1-97BC-3654ED321F3B}") = "YAWebSec.Owin", "YAWebSec.Owin\YAWebSec.Owin.xproj", "{E506AFCB-C839-41A9-ACF9-1D5CAEF1457A}"
EndProject
Project("{8BB2217D-0F2D-49D1-97BC-3654ED321F3B}") = "YAWebSec.Core.Tests", "YAWebSec.Core.Tests\YAWebSec.Core.Tests.xproj", "{D3DCFDEE-CBF9-453B-B933-1BE465A3EACB}"
EndProject
Project("{8BB2217D-0F2D-49D1-97BC-3654ED321F3B}") = "YAWebSec.AspNetCore.Tests", "YAWebSec.AspNetCore.Tests\YAWebSec.AspNetCore.Tests.xproj", "{FAD5F01C-5380-4D9E-8599-723F576C87E9}"
EndProject
Project("{8BB2217D-0F2D-49D1-97BC-3654ED321F3B}") = "YAWebSec.Owin.AppBuilder", "YAWebSec.Owin.AppBuilder\YAWebSec.Owin.AppBuilder.xproj", "{55765D93-F9F0-4EBE-B642-01E7D2CC63CA}"
EndProject
Global
	GlobalSection(SolutionConfigurationPlatforms) = preSolution
		Debug|Any CPU = Debug|Any CPU
		Release|Any CPU = Release|Any CPU
	EndGlobalSection
	GlobalSection(ProjectConfigurationPlatforms) = postSolution
		{BB1397CB-EE20-4C74-B620-BBC0A38066F9}.Debug|Any CPU.ActiveCfg = Debug|Any CPU
		{BB1397CB-EE20-4C74-B620-BBC0A38066F9}.Debug|Any CPU.Build.0 = Debug|Any CPU
		{BB1397CB-EE20-4C74-B620-BBC0A38066F9}.Release|Any CPU.ActiveCfg = Release|Any CPU
		{BB1397CB-EE20-4C74-B620-BBC0A38066F9}.Release|Any CPU.Build.0 = Release|Any CPU
		{FB3B4050-9289-42A9-B04D-E1924DA9DD60}.Debug|Any CPU.ActiveCfg = Debug|Any CPU
		{FB3B4050-9289-42A9-B04D-E1924DA9DD60}.Debug|Any CPU.Build.0 = Debug|Any CPU
		{FB3B4050-9289-42A9-B04D-E1924DA9DD60}.Release|Any CPU.ActiveCfg = Release|Any CPU
		{FB3B4050-9289-42A9-B04D-E1924DA9DD60}.Release|Any CPU.Build.0 = Release|Any CPU
		{E506AFCB-C839-41A9-ACF9-1D5CAEF1457A}.Debug|Any CPU.ActiveCfg = Debug|Any CPU
		{E506AFCB-C839-41A9-ACF9-1D5CAEF1457A}.Debug|Any CPU.Build.0 = Debug|Any CPU
		{E506AFCB-C839-41A9-ACF9-1D5CAEF1457A}.Release|Any CPU.ActiveCfg = Release|Any CPU
		{E506AFCB-C839-41A9-ACF9-1D5CAEF1457A}.Release|Any CPU.Build.0 = Release|Any CPU
		{D3DCFDEE-CBF9-453B-B933-1BE465A3EACB}.Debug|Any CPU.ActiveCfg = Debug|Any CPU
		{D3DCFDEE-CBF9-453B-B933-1BE465A3EACB}.Debug|Any CPU.Build.0 = Debug|Any CPU
		{D3DCFDEE-CBF9-453B-B933-1BE465A3EACB}.Release|Any CPU.ActiveCfg = Release|Any CPU
		{D3DCFDEE-CBF9-453B-B933-1BE465A3EACB}.Release|Any CPU.Build.0 = Release|Any CPU
		{FAD5F01C-5380-4D9E-8599-723F576C87E9}.Debug|Any CPU.ActiveCfg = Debug|Any CPU
		{FAD5F01C-5380-4D9E-8599-723F576C87E9}.Debug|Any CPU.Build.0 = Debug|Any CPU
		{FAD5F01C-5380-4D9E-8599-723F576C87E9}.Release|Any CPU.ActiveCfg = Release|Any CPU
		{FAD5F01C-5380-4D9E-8599-723F576C87E9}.Release|Any CPU.Build.0 = Release|Any CPU
		{55765D93-F9F0-4EBE-B642-01E7D2CC63CA}.Debug|Any CPU.ActiveCfg = Debug|Any CPU
		{55765D93-F9F0-4EBE-B642-01E7D2CC63CA}.Debug|Any CPU.Build.0 = Debug|Any CPU
		{55765D93-F9F0-4EBE-B642-01E7D2CC63CA}.Release|Any CPU.ActiveCfg = Release|Any CPU
		{55765D93-F9F0-4EBE-B642-01E7D2CC63CA}.Release|Any CPU.Build.0 = Release|Any CPU
	EndGlobalSection
	GlobalSection(SolutionProperties) = preSolution
		HideSolutionNode = FALSE
	EndGlobalSection
EndGlobal
